
Microsoft Visual Studio Solution File, Format Version 12.00
# Visual Studio 15
VisualStudioVersion = 15.0.28010.2026
MinimumVisualStudioVersion = 10.0.40219.1
Project("{FAE04EC0-301F-11D3-BF4B-00C04F79EFBC}") = "Var", "Var\Var.csproj", "{021CBE56-5016-4CF7-9F64-F012FCF869C9}"
EndProject
Global
	GlobalSection(SolutionConfigurationPlatforms) = preSolution
		Debug|Any CPU = Debug|Any CPU
		Release|Any CPU = Release|Any CPU
	EndGlobalSection
	GlobalSection(ProjectConfigurationPlatforms) = postSolution
		{021CBE56-5016-4CF7-9F64-F012FCF869C9}.Debug|Any CPU.ActiveCfg = Debug|Any CPU
		{021CBE56-5016-4CF7-9F64-F012FCF869C9}.Debug|Any CPU.Build.0 = Debug|Any CPU
		{021CBE56-5016-4CF7-9F64-F012FCF869C9}.Release|Any CPU.ActiveCfg = Release|Any CPU
		{021CBE56-5016-4CF7-9F64-F012FCF869C9}.Release|Any CPU.Build.0 = Release|Any CPU
	EndGlobalSection
	GlobalSection(SolutionProperties) = preSolution
		HideSolutionNode = FALSE
	EndGlobalSection
	GlobalSection(ExtensibilityGlobals) = postSolution
		SolutionGuid = {3EBC08B2-0A15-4202-8779-5B93D13956E6}
	EndGlobalSection
EndGlobal
